
Microsoft Visual Studio Solution File, Format Version 12.00
# Visual Studio 2013
Project("{FAE04EC0-301F-11D3-BF4B-00C04F79EFBC}") = "NoThreadingAtAll.App", "NoThreadingAtAll.App\NoThreadingAtAll.App.csproj", "{442852E1-65D9-41F0-BF0B-24B0207D792E}"
EndProject
Global
	GlobalSection(SolutionConfigurationPlatforms) = preSolution
		Debug|Any CPU = Debug|Any CPU
		Release|Any CPU = Release|Any CPU
	EndGlobalSection
	GlobalSection(ProjectConfigurationPlatforms) = postSolution
		{442852E1-65D9-41F0-BF0B-24B0207D792E}.Debug|Any CPU.ActiveCfg = Debug|Any CPU
		{442852E1-65D9-41F0-BF0B-24B0207D792E}.Debug|Any CPU.Build.0 = Debug|Any CPU
		{442852E1-65D9-41F0-BF0B-24B0207D792E}.Release|Any CPU.ActiveCfg = Release|Any CPU
		{442852E1-65D9-41F0-BF0B-24B0207D792E}.Release|Any CPU.Build.0 = Release|Any CPU
	EndGlobalSection
	GlobalSection(SolutionProperties) = preSolution
		HideSolutionNode = FALSE
	EndGlobalSection
EndGlobal
